PODS:
  - Capacitor (3.2.5):
    - CapacitorCordova
  - CapacitorCordova (1.1.1)
  - RadarSDK (3.9.4)

DEPENDENCIES:
  - "Capacitor (from `../node_modules/@capacitor/ios`)"
  - RadarSDK (= 3.9.4)

SPEC REPOS:
  trunk:
    - CapacitorCordova
    - RadarSDK

EXTERNAL SOURCES:
  Capacitor:
    :path: "../node_modules/@capacitor/ios"

SPEC CHECKSUMS:
  Capacitor: 32416638f82066f863d7cd85d6f738b5cc2797d2
  CapacitorCordova: 25811fd90c0ea23ea135a42a217d1918873fa566
  RadarSDK: 6444cde8b477239011e30d622f731368526452af

PODFILE CHECKSUM: 5afe816f1744ed68e59017d6b9116abd203471cb

COCOAPODS: 1.12.1
