PODS:
  - Capacitor (4.8.2):
    - CapacitorCordova
  - CapacitorCordova (3.7.0)
  - RadarSDK (3.10.1)

DEPENDENCIES:
  - "Capacitor (from `../node_modules/@capacitor/ios`)"
  - RadarSDK (~> 3.10.0)

SPEC REPOS:
  trunk:
    - CapacitorCordova
    - RadarSDK

EXTERNAL SOURCES:
  Capacitor:
    :path: "../node_modules/@capacitor/ios"

SPEC CHECKSUMS:
  Capacitor: 67c335fe9ce677e3f92b63e7f4b8df52e2ca3bbb
  CapacitorCordova: e6b42a8e8d5986c1eb8f02ac0be205fafc32ac33
  RadarSDK: be34556e3ce0ae7adccf3212c03a13ed464f4289

PODFILE CHECKSUM: 41ad7c5ac0bd8085a22049001bf05a1daee707d8

COCOAPODS: 1.15.2
